
Microsoft Visual Studio Solution File, Format Version 12.00
# Visual Studio Version 16
VisualStudioVersion = 16.0.29230.47
MinimumVisualStudioVersion = 10.0.40219.1
Project("{FAE04EC0-301F-11D3-BF4B-00C04F79EFBC}") = "JsonzaiBenchmark", "JsonzaiBenchmark.csproj", "{72E9F870-0DAB-476E-951A-7472D0B8E30F}"
EndProject
Global
	GlobalSection(SolutionConfigurationPlatforms) = preSolution
		Debug|Any CPU = Debug|Any CPU
		Release|Any CPU = Release|Any CPU
	EndGlobalSection
	GlobalSection(ProjectConfigurationPlatforms) = postSolution
		{72E9F870-0DAB-476E-951A-7472D0B8E30F}.Debug|Any CPU.ActiveCfg = Debug|Any CPU
		{72E9F870-0DAB-476E-951A-7472D0B8E30F}.Debug|Any CPU.Build.0 = Debug|Any CPU
		{72E9F870-0DAB-476E-951A-7472D0B8E30F}.Release|Any CPU.ActiveCfg = Release|Any CPU
		{72E9F870-0DAB-476E-951A-7472D0B8E30F}.Release|Any CPU.Build.0 = Release|Any CPU
	EndGlobalSection
	GlobalSection(SolutionProperties) = preSolution
		HideSolutionNode = FALSE
	EndGlobalSection
	GlobalSection(ExtensibilityGlobals) = postSolution
		SolutionGuid = {5D69793C-1C6A-4815-912B-A742E1E88ABA}
	EndGlobalSection
EndGlobal
